<Solution>
  <Folder Name="/Solution Items/">
    <File Path="Directory.Packages.props" />
  </Folder>
  <Project Path="src/AspireApp1.AppHost/AspireApp1.AppHost.csproj" />
  <Project Path="src/AspireApp1.ServiceDefaults/AspireApp1.ServiceDefaults.csproj" />
  <Project Path="src/AspireApp1.Web/AspireApp1.Web.csproj" />
</Solution>
